# This file is generated by running "yarn install" inside your project.
# Manual changes might be lost - proceed with caution!

__metadata:
  version: 5
  cacheKey: 8

"action-docker-test@workspace:.":
  version: 0.0.0-use.local
  resolution: "action-docker-test@workspace:."
  dependencies:
    lodash: ^4.17.21
    simple-node-logger: ^21.8.12
  languageName: unknown
  linkType: soft

"lodash@npm:^4.17.12, lodash@npm:^4.17.21":
  version: 4.17.21
  resolution: "lodash@npm:4.17.21"
  checksum: eb835a2e51d381e561e508ce932ea50a8e5a68f4ebdd771ea240d3048244a8d13658acbd502cd4829768c56f2e16bdd4340b9ea141297d472517b83868e677f7
  languageName: node
  linkType: hard

"moment@npm:^2.20.1":
  version: 2.29.1
  resolution: "moment@npm:2.29.1"
  checksum: 1e14d5f422a2687996be11dd2d50c8de3bd577c4a4ca79ba5d02c397242a933e5b941655de6c8cb90ac18f01cc4127e55b4a12ae3c527a6c0a274e455979345e
  languageName: node
  linkType: hard

"simple-node-logger@npm:^21.8.12":
  version: 21.8.12
  resolution: "simple-node-logger@npm:21.8.12"
  dependencies:
    lodash: ^4.17.12
    moment: ^2.20.1
  checksum: 49b147fdb6a692dcc9779f9e43ef162481fe14fa5a0210f6bc3f9ae65e104940307d6ac7057e28ba3b61a4965646b9e57cd849ebdaac158c0423f3327b939815
  languageName: node
  linkType: hard
